
Microsoft Visual Studio Solution File, Format Version 12.00
# Visual Studio Version 17
VisualStudioVersion = 17.9.34728.123
MinimumVisualStudioVersion = 10.0.40219.1
Project("{9A19103F-16F7-4668-BE54-9A1E7A4F7556}") = "GuardianClass", "GuardianClass.csproj", "{AB6479B1-27A8-4031-82FA-D2F0C19B2C65}"
EndProject
Global
	GlobalSection(SolutionConfigurationPlatforms) = preSolution
		Debug|Any CPU = Debug|Any CPU
		Release|Any CPU = Release|Any CPU
	EndGlobalSection
	GlobalSection(ProjectConfigurationPlatforms) = postSolution
		{AB6479B1-27A8-4031-82FA-D2F0C19B2C65}.Debug|Any CPU.ActiveCfg = Debug|Any CPU
		{AB6479B1-27A8-4031-82FA-D2F0C19B2C65}.Debug|Any CPU.Build.0 = Debug|Any CPU
		{AB6479B1-27A8-4031-82FA-D2F0C19B2C65}.Release|Any CPU.ActiveCfg = Release|Any CPU
		{AB6479B1-27A8-4031-82FA-D2F0C19B2C65}.Release|Any CPU.Build.0 = Release|Any CPU
	EndGlobalSection
	GlobalSection(SolutionProperties) = preSolution
		HideSolutionNode = FALSE
	EndGlobalSection
	GlobalSection(ExtensibilityGlobals) = postSolution
		SolutionGuid = {BDC1A30B-F207-41CB-B437-202E66A41E54}
	EndGlobalSection
EndGlobal
